%{
  "apex": {:hex, :apex, "1.2.0", "2da5035ef5fc59da2c24187a880b1b6d38b6b67c19b89a6265f5986ff0e85b1f", [:mix], []},
  "arc": {:hex, :arc, "0.10.0", "b2a5dbe4e684c27ce231e2228ea2cc640420eab91dbe6e27b5ed1016a8a39975", [:mix], [{:ex_aws, "~> 2.0", [hex: :ex_aws, optional: true]}, {:ex_aws_s3, "~> 2.0", [hex: :ex_aws_s3, optional: true]}, {:httpoison, "~> 0.13", [hex: :httpoison, optional: false]}, {:poison, "~> 2.2 or ~> 3.1", [hex: :poison, optional: true]}, {:sweet_xml, "~> 0.6", [hex: :sweet_xml, optional: true]}]},
  "arc_ecto": {:hex, :arc_ecto, "0.10.0", "d2efcc17c45169a13aaac3cd32115ccc832585b7942ea640083280edfd54f514", [:mix], [{:arc, "~> 0.10.0", [hex: :arc, optional: false]}, {:ecto, "~> 2.1", [hex: :ecto, optional: false]}]},
  "base64url": {:hex, :base64url, "0.0.1", "36a90125f5948e3afd7be97662a1504b934dd5dac78451ca6e9abf85a10286be", [:rebar], []},
  "bcrypt_elixir": {:hex, :bcrypt_elixir, "1.0.6", "58a865939b3106d5ad4841f660955b958be6db955dda034fbbc1069dbacb97fa", [:make, :mix], [{:elixir_make, "~> 0.4", [hex: :elixir_make, optional: false]}]},
  "beaker": {:hex, :beaker, "1.3.0", "c3d7264016881681e3b0d5fd8630c7e6c354948d09eda7e6bdbf342655fe646c", [:mix], [{:bureaucrat, "~> 0.1.4", [hex: :bureaucrat, optional: false]}, {:ecto, "~> 2.0", [hex: :ecto, optional: true]}, {:phoenix, "~> 1.2.1", [hex: :phoenix, optional: true]}]},
  "bodyguard": {:hex, :bodyguard, "2.2.2", "d5d1ea325b395ed8edcdcedb8632290e92fe9061ee1fe2de86aa00ca918ab96b", [:mix], [{:plug, "~> 1.0", [hex: :plug, optional: false]}]},
  "bunt": {:hex, :bunt, "0.2.0", "951c6e801e8b1d2cbe58ebbd3e616a869061ddadcc4863d0a2182541acae9a38", [:mix], []},
  "bureaucrat": {:hex, :bureaucrat, "0.1.4", "63c955828ba6f47f8978d984031e7a208402f634db899999e12352bb72f21aaf", [:mix], [{:plug, "~> 0.14 or ~> 1.0", [hex: :plug, optional: false]}]},
  "certifi": {:hex, :certifi, "2.3.1", "d0f424232390bf47d82da8478022301c561cf6445b5b5fb6a84d49a9e76d2639", [:rebar3], [{:parse_trans, "3.2.0", [hex: :parse_trans, optional: false]}]},
  "combine": {:hex, :combine, "0.10.0", "eff8224eeb56498a2af13011d142c5e7997a80c8f5b97c499f84c841032e429f", [:mix], []},
  "comeonin": {:hex, :comeonin, "4.1.1", "c7304fc29b45b897b34142a91122bc72757bc0c295e9e824999d5179ffc08416", [:mix], [{:argon2_elixir, "~> 1.2", [hex: :argon2_elixir, optional: true]}, {:bcrypt_elixir, "~> 0.12.1 or ~> 1.0", [hex: :bcrypt_elixir, optional: true]}, {:pbkdf2_elixir, "~> 0.12", [hex: :pbkdf2_elixir, optional: true]}]},
  "connection": {:hex, :connection, "1.0.4", "a1cae72211f0eef17705aaededacac3eb30e6625b04a6117c1b2db6ace7d5976", [:mix], []},
  "cowboy": {:hex, :cowboy, "1.1.2", "61ac29ea970389a88eca5a65601460162d370a70018afe6f949a29dca91f3bb0", [:rebar3], [{:cowlib, "~> 1.0.2", [hex: :cowlib, optional: false]}, {:ranch, "~> 1.3.2", [hex: :ranch, optional: false]}]},
  "cowlib": {:hex, :cowlib, "1.0.2", "9d769a1d062c9c3ac753096f868ca121e2730b9a377de23dec0f7e08b1df84ee", [:make], []},
  "credo": {:hex, :credo, "0.9.1", "f021affa11b32a94dc2e807a6472ce0914289c9132f99644a97fc84432b202a1", [:mix], [{:bunt, "~> 0.2.0", [hex: :bunt, optional: false]}, {:poison, ">= 0.0.0", [hex: :poison, optional: false]}]},
  "db_connection": {:hex, :db_connection, "1.1.3", "89b30ca1ef0a3b469b1c779579590688561d586694a3ce8792985d4d7e575a61", [:mix], [{:connection, "~> 1.0.2", [hex: :connection, optional: false]}, {:poolboy, "~> 1.5", [hex: :poolboy, optional: true]}, {:sbroker, "~> 1.0", [hex: :sbroker, optional: true]}]},
  "decimal": {:hex, :decimal, "1.5.0", "b0433a36d0e2430e3d50291b1c65f53c37d56f83665b43d79963684865beab68", [:mix], []},
  "ecto": {:hex, :ecto, "2.2.10", "e7366dc82f48f8dd78fcbf3ab50985ceeb11cb3dc93435147c6e13f2cda0992e", [:mix], [{:db_connection, "~> 1.1", [hex: :db_connection, optional: true]}, {:decimal, "~> 1.2", [hex: :decimal, optional: false]}, {:mariaex, "~> 0.8.0", [hex: :mariaex, optional: true]}, {:poison, "~> 2.2 or ~> 3.0", [hex: :poison, optional: true]}, {:poolboy, "~> 1.5", [hex: :poolboy, optional: false]}, {:postgrex, "~> 0.13.0", [hex: :postgrex, optional: true]}, {:sbroker, "~> 1.0", [hex: :sbroker, optional: true]}]},
  "elixir_make": {:hex, :elixir_make, "0.4.1", "6628b86053190a80b9072382bb9756a6c78624f208ec0ff22cb94c8977d80060", [:mix], []},
  "excoveralls": {:hex, :excoveralls, "0.8.1", "0bbf67f22c7dbf7503981d21a5eef5db8bbc3cb86e70d3798e8c802c74fa5e27", [:mix], [{:exjsx, ">= 3.0.0", [hex: :exjsx, optional: false]}, {:hackney, ">= 0.12.0", [hex: :hackney, optional: false]}]},
  "exjsx": {:hex, :exjsx, "4.0.0", "60548841e0212df401e38e63c0078ec57b33e7ea49b032c796ccad8cde794b5c", [:mix], [{:jsx, "~> 2.8.0", [hex: :jsx, optional: false]}]},
  "file_system": {:hex, :file_system, "0.2.4", "f0bdda195c0e46e987333e986452ec523aed21d784189144f647c43eaf307064", [:mix], []},
  "gen_smtp": {:hex, :gen_smtp, "0.12.0", "97d44903f5ca18ca85cb39aee7d9c77e98d79804bbdef56078adcf905cb2ef00", [:rebar3], []},
  "gettext": {:hex, :gettext, "0.15.0", "40a2b8ce33a80ced7727e36768499fc9286881c43ebafccae6bab731e2b2b8ce", [:mix], []},
  "guardian": {:hex, :guardian, "1.0.1", "db0fbaf571c3b874785818b7272eaf5f1ed97a2f9b1f8bc5dc8b0fb8f8f7bb06", [:mix], [{:jose, "~> 1.8", [hex: :jose, optional: false]}, {:phoenix, "~> 1.0 or ~> 1.2 or ~> 1.3", [hex: :phoenix, optional: true]}, {:plug, "~> 1.3.3 or ~> 1.4", [hex: :plug, optional: true]}, {:poison, "~> 2.2 or ~> 3.0", [hex: :poison, optional: false]}, {:uuid, ">= 1.1.1", [hex: :uuid, optional: false]}]},
  "hackney": {:hex, :hackney, "1.13.0", "24edc8cd2b28e1c652593833862435c80661834f6c9344e84b6a2255e7aeef03", [:rebar3], [{:certifi, "2.3.1", [hex: :certifi, optional: false]}, {:idna, "5.1.2", [hex: :idna, optional: false]}, {:metrics, "1.0.1", [hex: :metrics, optional: false]}, {:mimerl, "1.0.2", [hex: :mimerl, optional: false]}, {:ssl_verify_fun, "1.1.1", [hex: :ssl_verify_fun, optional: false]}]},
  "httpoison": {:hex, :httpoison, "0.13.0", "bfaf44d9f133a6599886720f3937a7699466d23bb0cd7a88b6ba011f53c6f562", [:mix], [{:hackney, "~> 1.8", [hex: :hackney, optional: false]}]},
  "idna": {:hex, :idna, "5.1.2", "e21cb58a09f0228a9e0b95eaa1217f1bcfc31a1aaa6e1fdf2f53a33f7dbd9494", [:rebar3], [{:unicode_util_compat, "0.3.1", [hex: :unicode_util_compat, optional: false]}]},
  "jason": {:hex, :jason, "1.0.0", "0f7cfa9bdb23fed721ec05419bcee2b2c21a77e926bce0deda029b5adc716fe2", [:mix], [{:decimal, "~> 1.0", [hex: :decimal, optional: true]}]},
  "jose": {:hex, :jose, "1.8.4", "7946d1e5c03a76ac9ef42a6e6a20001d35987afd68c2107bcd8f01a84e75aa73", [:mix, :rebar3], [{:base64url, "~> 0.0.1", [hex: :base64url, optional: false]}]},
  "jsx": {:hex, :jsx, "2.8.3", "a05252d381885240744d955fbe3cf810504eb2567164824e19303ea59eef62cf", [:mix, :rebar3], []},
  "junit_formatter": {:hex, :junit_formatter, "2.2.0", "da6093f0740c58a824f9585ebb7cb1b960efaecf48d1fa969e95d9c47c6b19dd", [:mix], []},
  "metrics": {:hex, :metrics, "1.0.1", "25f094dea2cda98213cecc3aeff09e940299d950904393b2a29d191c346a8486", [:rebar3], []},
  "mime": {:hex, :mime, "1.2.0", "78adaa84832b3680de06f88f0997e3ead3b451a440d183d688085be2d709b534", [:mix], []},
  "mimerl": {:hex, :mimerl, "1.0.2", "993f9b0e084083405ed8252b99460c4f0563e41729ab42d9074fd5e52439be88", [:rebar3], []},
  "parse_trans": {:hex, :parse_trans, "3.2.0", "2adfa4daf80c14dc36f522cf190eb5c4ee3e28008fc6394397c16f62a26258c2", [:rebar3], []},
  "phoenix": {:hex, :phoenix, "1.3.2", "2a00d751f51670ea6bc3f2ba4e6eb27ecb8a2c71e7978d9cd3e5de5ccf7378bd", [:mix], [{:cowboy, "~> 1.0", [hex: :cowboy, optional: true]}, {:phoenix_pubsub, "~> 1.0", [hex: :phoenix_pubsub, optional: false]}, {:plug, "~> 1.3.3 or ~> 1.4", [hex: :plug, optional: false]}, {:poison, "~> 2.2 or ~> 3.0", [hex: :poison, optional: false]}]},
  "phoenix_ecto": {:hex, :phoenix_ecto, "3.3.0", "702f6e164512853d29f9d20763493f2b3bcfcb44f118af2bc37bb95d0801b480", [:mix], [{:ecto, "~> 2.1", [hex: :ecto, optional: false]}, {:phoenix_html, "~> 2.9", [hex: :phoenix_html, optional: true]}, {:plug, "~> 1.0", [hex: :plug, optional: false]}]},
  "phoenix_html": {:hex, :phoenix_html, "2.11.1", "77b6f7fbd252168c6ec4f573de648d37cc5258cda13266ef001fbf99267eb6f3", [:mix], [{:plug, "~> 1.5", [hex: :plug, optional: false]}]},
  "phoenix_live_reload": {:hex, :phoenix_live_reload, "1.1.3", "1d178429fc8950b12457d09c6afec247bfe1fcb6f36209e18fbb0221bdfe4d41", [:mix], [{:file_system, "~> 0.2.1 or ~> 0.3", [hex: :file_system, optional: false]}, {:phoenix, "~> 1.0 or ~> 1.2 or ~> 1.3", [hex: :phoenix, optional: false]}]},
  "phoenix_pubsub": {:hex, :phoenix_pubsub, "1.0.2", "bfa7fd52788b5eaa09cb51ff9fcad1d9edfeb68251add458523f839392f034c1", [:mix], []},
  "phoenix_swoosh": {:hex, :phoenix_swoosh, "0.2.0", "a7e0b32077cd6d2323ae15198839b05d9caddfa20663fd85787479e81f89520e", [:mix], [{:phoenix, "~> 1.0", [hex: :phoenix, optional: false]}, {:phoenix_html, "~> 2.2", [hex: :phoenix_html, optional: false]}, {:swoosh, "~> 0.1", [hex: :swoosh, optional: false]}]},
  "plug": {:hex, :plug, "1.5.1", "1ff35bdecfb616f1a2b1c935ab5e4c47303f866cb929d2a76f0541e553a58165", [:mix], [{:cowboy, "~> 1.0.1 or ~> 1.1 or ~> 2.3", [hex: :cowboy, optional: true]}, {:mime, "~> 1.0", [hex: :mime, optional: false]}]},
  "plug_logger_json": {:hex, :plug_logger_json, "0.6.0", "90b66244c5c96600b908e4c7040fdaf2485fee897dd214540357a87cddb87629", [:mix], [{:plug, "~> 1.0", [hex: :plug, optional: false]}, {:poison, "~> 1.5 or ~> 2.0 or ~> 3.0", [hex: :poison, optional: false]}]},
  "poison": {:hex, :poison, "3.1.0", "d9eb636610e096f86f25d9a46f35a9facac35609a7591b3be3326e99a0484665", [:mix], []},
  "poolboy": {:hex, :poolboy, "1.5.1", "6b46163901cfd0a1b43d692657ed9d7e599853b3b21b95ae5ae0a777cf9b6ca8", [:rebar], []},
  "postgrex": {:hex, :postgrex, "0.13.5", "3d931aba29363e1443da167a4b12f06dcd171103c424de15e5f3fc2ba3e6d9c5", [:mix], [{:connection, "~> 1.0", [hex: :connection, optional: false]}, {:db_connection, "~> 1.1", [hex: :db_connection, optional: false]}, {:decimal, "~> 1.0", [hex: :decimal, optional: false]}]},
  "ranch": {:hex, :ranch, "1.3.2", "e4965a144dc9fbe70e5c077c65e73c57165416a901bd02ea899cfd95aa890986", [:rebar3], []},
  "rollbax": {:hex, :rollbax, "0.9.2", "ba21f4899d7f752bd7a110db72b60f4c06eeb5bbe2b5f1a86e89efe0f832221e", [:mix], [{:hackney, "~> 1.1", [hex: :hackney, optional: false]}, {:jason, "~> 1.0", [hex: :jason, optional: false]}]},
  "ssl_verify_fun": {:hex, :ssl_verify_fun, "1.1.1", "28a4d65b7f59893bc2c7de786dec1e1555bd742d336043fe644ae956c3497fbe", [:make, :rebar], []},
  "swoosh": {:hex, :swoosh, "0.14.0", "bc7680a383379b22defe98711e186811b20aceff621f11d87634bc168acb8d95", [:mix], [{:cowboy, "~> 1.0", [hex: :cowboy, optional: true]}, {:gen_smtp, "~> 0.12", [hex: :gen_smtp, optional: true]}, {:hackney, "~> 1.9", [hex: :hackney, optional: false]}, {:jason, "~> 1.0", [hex: :jason, optional: false]}, {:mime, "~> 1.1", [hex: :mime, optional: false]}, {:plug, "~> 1.4", [hex: :plug, optional: true]}]},
  "timex": {:hex, :timex, "3.3.0", "e0695aa0ddb37d460d93a2db34d332c2c95a40c27edf22fbfea22eb8910a9c8d", [:mix], [{:combine, "~> 0.10", [hex: :combine, optional: false]}, {:gettext, "~> 0.10", [hex: :gettext, optional: false]}, {:tzdata, "~> 0.1.8 or ~> 0.5", [hex: :tzdata, optional: false]}]},
  "timex_ecto": {:hex, :timex_ecto, "3.3.0", "d5bdef09928e7a60f10a0baa47ce653f29b43d6fee87b30b236b216d0e36b98d", [:mix], [{:ecto, "~> 2.2", [hex: :ecto, optional: false]}, {:timex, "~> 3.1", [hex: :timex, optional: false]}]},
  "tzdata": {:hex, :tzdata, "0.5.16", "13424d3afc76c68ff607f2df966c0ab4f3258859bbe3c979c9ed1606135e7352", [:mix], [{:hackney, "~> 1.0", [hex: :hackney, optional: false]}]},
  "unicode_util_compat": {:hex, :unicode_util_compat, "0.3.1", "a1f612a7b512638634a603c8f401892afbf99b8ce93a45041f8aaca99cadb85e", [:rebar3], []},
  "uuid": {:hex, :uuid, "1.1.8", "e22fc04499de0de3ed1116b770c7737779f226ceefa0badb3592e64d5cfb4eb9", [:mix], []},
}
